
Microsoft Visual Studio Solution File, Format Version 12.00
# Visual Studio Version 17
VisualStudioVersion = 17.0.31903.59
MinimumVisualStudioVersion = 10.0.40219.1
Project("{2150E333-8FDC-42A3-9474-1A3956D46DE8}") = "solution", "solution", "{40B92131-9C06-49A0-8419-01ABB3AF7356}"
	ProjectSection(SolutionItems) = preProject
		nuget.config = nuget.config
		.gitignore = .gitignore
		README.md = README.md
	EndProjectSection
EndProject
Project("{2150E333-8FDC-42A3-9474-1A3956D46DE8}") = "src", "src", "{970CCF18-89D6-4534-8F9D-D5FCCCF3BB16}"
EndProject
Project("{FAE04EC0-301F-11D3-BF4B-00C04F79EFBC}") = "ThingMan.Core", "src\ThingMan.Core\ThingMan.Core.csproj", "{80EDBA2A-26D9-46BD-A13A-D2142C93020C}"
EndProject
Project("{FAE04EC0-301F-11D3-BF4B-00C04F79EFBC}") = "ThingMan.Domain", "src\ThingMan.Domain\ThingMan.Domain.csproj", "{3DCFFEA6-C512-4E4A-A02A-91BBE5D37BD6}"
EndProject
Project("{FAE04EC0-301F-11D3-BF4B-00C04F79EFBC}") = "ThingMan.Application", "src\ThingMan.Application\ThingMan.Application.csproj", "{EB38439C-9D25-455B-90C7-24B6DF369AA4}"
EndProject
Project("{FAE04EC0-301F-11D3-BF4B-00C04F79EFBC}") = "ThingMan", "src\ThingMan\ThingMan.csproj", "{E73960C1-4AAC-4B6E-9AE3-8A74C5CFF4FE}"
EndProject
Project("{2150E333-8FDC-42A3-9474-1A3956D46DE8}") = "implementations", "implementations", "{23040DDA-8DEF-494E-8A1B-4A1F35D17328}"
EndProject
Project("{2150E333-8FDC-42A3-9474-1A3956D46DE8}") = "SqlDB", "SqlDB", "{8A45FD15-55DB-465E-BAB7-A492DE4D8DBA}"
EndProject
Project("{FAE04EC0-301F-11D3-BF4B-00C04F79EFBC}") = "ThingMan.Core.SqlDB", "src\implementations\SqlDB\ThingMan.Core.SqlDB\ThingMan.Core.SqlDB.csproj", "{70704041-9943-45C1-B513-BA937579BC68}"
EndProject
Project("{FAE04EC0-301F-11D3-BF4B-00C04F79EFBC}") = "ThingMan.Application.SqlDB", "src\implementations\SqlDB\ThingMan.Application.SqlDB\ThingMan.Application.SqlDB.csproj", "{F7393357-CA42-4750-AC1C-7B6B4536A50C}"
EndProject
Project("{FAE04EC0-301F-11D3-BF4B-00C04F79EFBC}") = "ThingMan.Domain.SqlDB", "src\implementations\SqlDB\ThingMan.Domain.SqlDB\ThingMan.Domain.SqlDB.csproj", "{A74E6CE5-7140-49AA-921C-0B463E0D4892}"
EndProject
Global
	GlobalSection(SolutionConfigurationPlatforms) = preSolution
		Debug|Any CPU = Debug|Any CPU
		Release|Any CPU = Release|Any CPU
	EndGlobalSection
	GlobalSection(SolutionProperties) = preSolution
		HideSolutionNode = FALSE
	EndGlobalSection
	GlobalSection(NestedProjects) = preSolution
		{80EDBA2A-26D9-46BD-A13A-D2142C93020C} = {970CCF18-89D6-4534-8F9D-D5FCCCF3BB16}
		{3DCFFEA6-C512-4E4A-A02A-91BBE5D37BD6} = {970CCF18-89D6-4534-8F9D-D5FCCCF3BB16}
		{EB38439C-9D25-455B-90C7-24B6DF369AA4} = {970CCF18-89D6-4534-8F9D-D5FCCCF3BB16}
		{E73960C1-4AAC-4B6E-9AE3-8A74C5CFF4FE} = {970CCF18-89D6-4534-8F9D-D5FCCCF3BB16}
		{23040DDA-8DEF-494E-8A1B-4A1F35D17328} = {970CCF18-89D6-4534-8F9D-D5FCCCF3BB16}
		{8A45FD15-55DB-465E-BAB7-A492DE4D8DBA} = {23040DDA-8DEF-494E-8A1B-4A1F35D17328}
		{70704041-9943-45C1-B513-BA937579BC68} = {8A45FD15-55DB-465E-BAB7-A492DE4D8DBA}
		{F7393357-CA42-4750-AC1C-7B6B4536A50C} = {8A45FD15-55DB-465E-BAB7-A492DE4D8DBA}
		{A74E6CE5-7140-49AA-921C-0B463E0D4892} = {8A45FD15-55DB-465E-BAB7-A492DE4D8DBA}
	EndGlobalSection
	GlobalSection(ProjectConfigurationPlatforms) = postSolution
		{80EDBA2A-26D9-46BD-A13A-D2142C93020C}.Debug|Any CPU.ActiveCfg = Debug|Any CPU
		{80EDBA2A-26D9-46BD-A13A-D2142C93020C}.Debug|Any CPU.Build.0 = Debug|Any CPU
		{80EDBA2A-26D9-46BD-A13A-D2142C93020C}.Release|Any CPU.ActiveCfg = Release|Any CPU
		{80EDBA2A-26D9-46BD-A13A-D2142C93020C}.Release|Any CPU.Build.0 = Release|Any CPU
		{3DCFFEA6-C512-4E4A-A02A-91BBE5D37BD6}.Debug|Any CPU.ActiveCfg = Debug|Any CPU
		{3DCFFEA6-C512-4E4A-A02A-91BBE5D37BD6}.Debug|Any CPU.Build.0 = Debug|Any CPU
		{3DCFFEA6-C512-4E4A-A02A-91BBE5D37BD6}.Release|Any CPU.ActiveCfg = Release|Any CPU
		{3DCFFEA6-C512-4E4A-A02A-91BBE5D37BD6}.Release|Any CPU.Build.0 = Release|Any CPU
		{EB38439C-9D25-455B-90C7-24B6DF369AA4}.Debug|Any CPU.ActiveCfg = Debug|Any CPU
		{EB38439C-9D25-455B-90C7-24B6DF369AA4}.Debug|Any CPU.Build.0 = Debug|Any CPU
		{EB38439C-9D25-455B-90C7-24B6DF369AA4}.Release|Any CPU.ActiveCfg = Release|Any CPU
		{EB38439C-9D25-455B-90C7-24B6DF369AA4}.Release|Any CPU.Build.0 = Release|Any CPU
		{E73960C1-4AAC-4B6E-9AE3-8A74C5CFF4FE}.Debug|Any CPU.ActiveCfg = Debug|Any CPU
		{E73960C1-4AAC-4B6E-9AE3-8A74C5CFF4FE}.Debug|Any CPU.Build.0 = Debug|Any CPU
		{E73960C1-4AAC-4B6E-9AE3-8A74C5CFF4FE}.Release|Any CPU.ActiveCfg = Release|Any CPU
		{E73960C1-4AAC-4B6E-9AE3-8A74C5CFF4FE}.Release|Any CPU.Build.0 = Release|Any CPU
		{70704041-9943-45C1-B513-BA937579BC68}.Debug|Any CPU.ActiveCfg = Debug|Any CPU
		{70704041-9943-45C1-B513-BA937579BC68}.Debug|Any CPU.Build.0 = Debug|Any CPU
		{70704041-9943-45C1-B513-BA937579BC68}.Release|Any CPU.ActiveCfg = Release|Any CPU
		{70704041-9943-45C1-B513-BA937579BC68}.Release|Any CPU.Build.0 = Release|Any CPU
		{F7393357-CA42-4750-AC1C-7B6B4536A50C}.Debug|Any CPU.ActiveCfg = Debug|Any CPU
		{F7393357-CA42-4750-AC1C-7B6B4536A50C}.Debug|Any CPU.Build.0 = Debug|Any CPU
		{F7393357-CA42-4750-AC1C-7B6B4536A50C}.Release|Any CPU.ActiveCfg = Release|Any CPU
		{F7393357-CA42-4750-AC1C-7B6B4536A50C}.Release|Any CPU.Build.0 = Release|Any CPU
		{A74E6CE5-7140-49AA-921C-0B463E0D4892}.Debug|Any CPU.ActiveCfg = Debug|Any CPU
		{A74E6CE5-7140-49AA-921C-0B463E0D4892}.Debug|Any CPU.Build.0 = Debug|Any CPU
		{A74E6CE5-7140-49AA-921C-0B463E0D4892}.Release|Any CPU.ActiveCfg = Release|Any CPU
		{A74E6CE5-7140-49AA-921C-0B463E0D4892}.Release|Any CPU.Build.0 = Release|Any CPU
	EndGlobalSection
EndGlobal
