
Microsoft Visual Studio Solution File, Format Version 12.00
# Visual Studio Version 17
VisualStudioVersion = 17.0.31903.59
MinimumVisualStudioVersion = 10.0.40219.1
Project("{2150E333-8FDC-42A3-9474-1A3956D46DE8}") = "solution", "solution", "{40B92131-9C06-49A0-8419-01ABB3AF7356}"
	ProjectSection(SolutionItems) = preProject
		README.md = README.md
		.gitignore = .gitignore
		nuget.config = nuget.config
	EndProjectSection
EndProject
Project("{2150E333-8FDC-42A3-9474-1A3956D46DE8}") = "src", "src", "{970CCF18-89D6-4534-8F9D-D5FCCCF3BB16}"
EndProject
Project("{2150E333-8FDC-42A3-9474-1A3956D46DE8}") = "tests", "tests", "{3C78815C-5592-4098-A071-C252FBA82AFE}"
EndProject
Project("{FAE04EC0-301F-11D3-BF4B-00C04F79EFBC}") = "ThingMan.Appl", "src\ThingMan.Appl\ThingMan.Appl.csproj", "{D97DEF79-42A0-4416-B659-6E49D2051D52}"
EndProject
Project("{FAE04EC0-301F-11D3-BF4B-00C04F79EFBC}") = "ThingMan.Domain", "src\ThingMan.Domain\ThingMan.Domain.csproj", "{1F63894D-AEAD-433D-8F36-C0482E50887C}"
EndProject
Project("{FAE04EC0-301F-11D3-BF4B-00C04F79EFBC}") = "ThingMan.Core", "src\ThingMan.Core\ThingMan.Core.csproj", "{63464DFE-B20C-4AFE-AF42-D4217F5E678C}"
EndProject
Project("{FAE04EC0-301F-11D3-BF4B-00C04F79EFBC}") = "ThingMan", "src\ThingMan\ThingMan.csproj", "{34D6457C-925D-447B-80D6-38A15793552C}"
EndProject
Project("{FAE04EC0-301F-11D3-BF4B-00C04F79EFBC}") = "ThingMan.Domain.SqlDB", "src\ThingMan.Domain.SqlDB\ThingMan.Domain.SqlDB.csproj", "{D528877D-53EA-49E0-BCA3-71432BFF7125}"
EndProject
Project("{FAE04EC0-301F-11D3-BF4B-00C04F79EFBC}") = "ThingMan.Identity.SqlDB", "src\ThingMan.Identity.SqlDB\ThingMan.Identity.SqlDB.csproj", "{EC0113F9-1DA2-40B1-8D8C-A5B055E77C6A}"
EndProject
Global
	GlobalSection(SolutionConfigurationPlatforms) = preSolution
		Debug|Any CPU = Debug|Any CPU
		Release|Any CPU = Release|Any CPU
	EndGlobalSection
	GlobalSection(SolutionProperties) = preSolution
		HideSolutionNode = FALSE
	EndGlobalSection
	GlobalSection(NestedProjects) = preSolution
		{D97DEF79-42A0-4416-B659-6E49D2051D52} = {970CCF18-89D6-4534-8F9D-D5FCCCF3BB16}
		{1F63894D-AEAD-433D-8F36-C0482E50887C} = {970CCF18-89D6-4534-8F9D-D5FCCCF3BB16}
		{63464DFE-B20C-4AFE-AF42-D4217F5E678C} = {970CCF18-89D6-4534-8F9D-D5FCCCF3BB16}
		{34D6457C-925D-447B-80D6-38A15793552C} = {970CCF18-89D6-4534-8F9D-D5FCCCF3BB16}
		{D528877D-53EA-49E0-BCA3-71432BFF7125} = {970CCF18-89D6-4534-8F9D-D5FCCCF3BB16}
		{EC0113F9-1DA2-40B1-8D8C-A5B055E77C6A} = {970CCF18-89D6-4534-8F9D-D5FCCCF3BB16}
	EndGlobalSection
	GlobalSection(ProjectConfigurationPlatforms) = postSolution
		{D97DEF79-42A0-4416-B659-6E49D2051D52}.Debug|Any CPU.ActiveCfg = Debug|Any CPU
		{D97DEF79-42A0-4416-B659-6E49D2051D52}.Debug|Any CPU.Build.0 = Debug|Any CPU
		{D97DEF79-42A0-4416-B659-6E49D2051D52}.Release|Any CPU.ActiveCfg = Release|Any CPU
		{D97DEF79-42A0-4416-B659-6E49D2051D52}.Release|Any CPU.Build.0 = Release|Any CPU
		{1F63894D-AEAD-433D-8F36-C0482E50887C}.Debug|Any CPU.ActiveCfg = Debug|Any CPU
		{1F63894D-AEAD-433D-8F36-C0482E50887C}.Debug|Any CPU.Build.0 = Debug|Any CPU
		{1F63894D-AEAD-433D-8F36-C0482E50887C}.Release|Any CPU.ActiveCfg = Release|Any CPU
		{1F63894D-AEAD-433D-8F36-C0482E50887C}.Release|Any CPU.Build.0 = Release|Any CPU
		{63464DFE-B20C-4AFE-AF42-D4217F5E678C}.Debug|Any CPU.ActiveCfg = Debug|Any CPU
		{63464DFE-B20C-4AFE-AF42-D4217F5E678C}.Debug|Any CPU.Build.0 = Debug|Any CPU
		{63464DFE-B20C-4AFE-AF42-D4217F5E678C}.Release|Any CPU.ActiveCfg = Release|Any CPU
		{63464DFE-B20C-4AFE-AF42-D4217F5E678C}.Release|Any CPU.Build.0 = Release|Any CPU
		{34D6457C-925D-447B-80D6-38A15793552C}.Debug|Any CPU.ActiveCfg = Debug|Any CPU
		{34D6457C-925D-447B-80D6-38A15793552C}.Debug|Any CPU.Build.0 = Debug|Any CPU
		{34D6457C-925D-447B-80D6-38A15793552C}.Release|Any CPU.ActiveCfg = Release|Any CPU
		{34D6457C-925D-447B-80D6-38A15793552C}.Release|Any CPU.Build.0 = Release|Any CPU
		{D528877D-53EA-49E0-BCA3-71432BFF7125}.Debug|Any CPU.ActiveCfg = Debug|Any CPU
		{D528877D-53EA-49E0-BCA3-71432BFF7125}.Debug|Any CPU.Build.0 = Debug|Any CPU
		{D528877D-53EA-49E0-BCA3-71432BFF7125}.Release|Any CPU.ActiveCfg = Release|Any CPU
		{D528877D-53EA-49E0-BCA3-71432BFF7125}.Release|Any CPU.Build.0 = Release|Any CPU
		{EC0113F9-1DA2-40B1-8D8C-A5B055E77C6A}.Debug|Any CPU.ActiveCfg = Debug|Any CPU
		{EC0113F9-1DA2-40B1-8D8C-A5B055E77C6A}.Debug|Any CPU.Build.0 = Debug|Any CPU
		{EC0113F9-1DA2-40B1-8D8C-A5B055E77C6A}.Release|Any CPU.ActiveCfg = Release|Any CPU
		{EC0113F9-1DA2-40B1-8D8C-A5B055E77C6A}.Release|Any CPU.Build.0 = Release|Any CPU
	EndGlobalSection
EndGlobal
