
Microsoft Visual Studio Solution File, Format Version 12.00
# Visual Studio Version 16
VisualStudioVersion = 16.0.30114.105
MinimumVisualStudioVersion = 10.0.40219.1
Project("{2150E333-8FDC-42A3-9474-1A3956D46DE8}") = "solution", "solution", "{E87FF79F-52AF-460A-B6CF-27614205CC48}"
	ProjectSection(SolutionItems) = preProject
		README.md = README.md
		.gitignore = .gitignore
		LICENSE = LICENSE
	EndProjectSection
EndProject
Project("{2150E333-8FDC-42A3-9474-1A3956D46DE8}") = "src", "src", "{87367327-598A-4DD4-AFB6-C38BAB89D039}"
EndProject
Project("{2150E333-8FDC-42A3-9474-1A3956D46DE8}") = "tests", "tests", "{87ACCC8C-9806-4D0B-BAF5-0231D11BECCE}"
EndProject
Project("{FAE04EC0-301F-11D3-BF4B-00C04F79EFBC}") = "ThingMan.Core", "src\ThingMan.Core\ThingMan.Core.csproj", "{F7648DEB-F76A-4953-B7C4-50638B5FC642}"
EndProject
Project("{FAE04EC0-301F-11D3-BF4B-00C04F79EFBC}") = "ThingMan.Core.Domain.Tests", "tests\ThingMan.Core.Domain.Tests\ThingMan.Core.Domain.Tests.csproj", "{011963D1-6B27-4FFC-A43F-E0A16A99B54E}"
EndProject
Project("{FAE04EC0-301F-11D3-BF4B-00C04F79EFBC}") = "ThingMan.Core.Domain", "src\ThingMan.Core.Domain\ThingMan.Core.Domain.csproj", "{0D1095FA-8EDC-481C-970D-5B3AF2D5F16A}"
EndProject
Project("{FAE04EC0-301F-11D3-BF4B-00C04F79EFBC}") = "ThingMan.Core.App", "src\ThingMan.Core.App\ThingMan.Core.App.csproj", "{E3EF96A7-2B8D-4784-86BF-BE0638C3AEAD}"
EndProject
Project("{FAE04EC0-301F-11D3-BF4B-00C04F79EFBC}") = "ThingMan.Core.Common", "src\ThingMan.Core.Common\ThingMan.Core.Common.csproj", "{7F4C3708-E0D8-4446-AC82-8A9FB79BD896}"
EndProject
Project("{2150E333-8FDC-42A3-9474-1A3956D46DE8}") = "harness", "harness", "{2655FD69-01FC-4623-8E2F-ABA6B4661061}"
EndProject
Project("{FAE04EC0-301F-11D3-BF4B-00C04F79EFBC}") = "ThingMan.Core.Stores", "src\ThingMan.Core.Stores\ThingMan.Core.Stores.csproj", "{8B2F5F9E-9C18-4CF4-91B7-4A4776F143B3}"
EndProject
Project("{FAE04EC0-301F-11D3-BF4B-00C04F79EFBC}") = "ThingMan.Core.Domain.DocDB", "src\ThingMan.Core.Domain.DocDB\ThingMan.Core.Domain.DocDB.csproj", "{A3327E2B-AD83-433F-B6AC-561BB3DF81D8}"
EndProject
Project("{FAE04EC0-301F-11D3-BF4B-00C04F79EFBC}") = "ThingMan.Core.Stores.DocDB", "src\ThingMan.Core.Stores.DocDB\ThingMan.Core.Stores.DocDB.csproj", "{6DA26796-D150-4B86-BC73-6DB4256EE840}"
EndProject
Project("{FAE04EC0-301F-11D3-BF4B-00C04F79EFBC}") = "ThingMan.Core.Harness", "harness\ThingMan.Core.Harness\ThingMan.Core.Harness.csproj", "{49FD3F14-A062-4D7E-B03B-63FB14BEC84C}"
EndProject
Project("{FAE04EC0-301F-11D3-BF4B-00C04F79EFBC}") = "ThingMan.Core.DocDB", "src\ThingMan.Core.DocDB\ThingMan.Core.DocDB.csproj", "{D4FB121F-E0F8-40FD-A127-867D81230D9C}"
EndProject
Global
	GlobalSection(SolutionConfigurationPlatforms) = preSolution
		Debug|Any CPU = Debug|Any CPU
		Release|Any CPU = Release|Any CPU
	EndGlobalSection
	GlobalSection(SolutionProperties) = preSolution
		HideSolutionNode = FALSE
	EndGlobalSection
	GlobalSection(NestedProjects) = preSolution
		{F7648DEB-F76A-4953-B7C4-50638B5FC642} = {87367327-598A-4DD4-AFB6-C38BAB89D039}
		{011963D1-6B27-4FFC-A43F-E0A16A99B54E} = {87ACCC8C-9806-4D0B-BAF5-0231D11BECCE}
		{0D1095FA-8EDC-481C-970D-5B3AF2D5F16A} = {87367327-598A-4DD4-AFB6-C38BAB89D039}
		{E3EF96A7-2B8D-4784-86BF-BE0638C3AEAD} = {87367327-598A-4DD4-AFB6-C38BAB89D039}
		{7F4C3708-E0D8-4446-AC82-8A9FB79BD896} = {87367327-598A-4DD4-AFB6-C38BAB89D039}
		{8B2F5F9E-9C18-4CF4-91B7-4A4776F143B3} = {87367327-598A-4DD4-AFB6-C38BAB89D039}
		{A3327E2B-AD83-433F-B6AC-561BB3DF81D8} = {87367327-598A-4DD4-AFB6-C38BAB89D039}
		{6DA26796-D150-4B86-BC73-6DB4256EE840} = {87367327-598A-4DD4-AFB6-C38BAB89D039}
		{49FD3F14-A062-4D7E-B03B-63FB14BEC84C} = {2655FD69-01FC-4623-8E2F-ABA6B4661061}
		{D4FB121F-E0F8-40FD-A127-867D81230D9C} = {87367327-598A-4DD4-AFB6-C38BAB89D039}
	EndGlobalSection
	GlobalSection(ProjectConfigurationPlatforms) = postSolution
		{F7648DEB-F76A-4953-B7C4-50638B5FC642}.Debug|Any CPU.ActiveCfg = Debug|Any CPU
		{F7648DEB-F76A-4953-B7C4-50638B5FC642}.Debug|Any CPU.Build.0 = Debug|Any CPU
		{F7648DEB-F76A-4953-B7C4-50638B5FC642}.Release|Any CPU.ActiveCfg = Release|Any CPU
		{F7648DEB-F76A-4953-B7C4-50638B5FC642}.Release|Any CPU.Build.0 = Release|Any CPU
		{011963D1-6B27-4FFC-A43F-E0A16A99B54E}.Debug|Any CPU.ActiveCfg = Debug|Any CPU
		{011963D1-6B27-4FFC-A43F-E0A16A99B54E}.Debug|Any CPU.Build.0 = Debug|Any CPU
		{011963D1-6B27-4FFC-A43F-E0A16A99B54E}.Release|Any CPU.ActiveCfg = Release|Any CPU
		{011963D1-6B27-4FFC-A43F-E0A16A99B54E}.Release|Any CPU.Build.0 = Release|Any CPU
		{0D1095FA-8EDC-481C-970D-5B3AF2D5F16A}.Debug|Any CPU.ActiveCfg = Debug|Any CPU
		{0D1095FA-8EDC-481C-970D-5B3AF2D5F16A}.Debug|Any CPU.Build.0 = Debug|Any CPU
		{0D1095FA-8EDC-481C-970D-5B3AF2D5F16A}.Release|Any CPU.ActiveCfg = Release|Any CPU
		{0D1095FA-8EDC-481C-970D-5B3AF2D5F16A}.Release|Any CPU.Build.0 = Release|Any CPU
		{E3EF96A7-2B8D-4784-86BF-BE0638C3AEAD}.Debug|Any CPU.ActiveCfg = Debug|Any CPU
		{E3EF96A7-2B8D-4784-86BF-BE0638C3AEAD}.Debug|Any CPU.Build.0 = Debug|Any CPU
		{E3EF96A7-2B8D-4784-86BF-BE0638C3AEAD}.Release|Any CPU.ActiveCfg = Release|Any CPU
		{E3EF96A7-2B8D-4784-86BF-BE0638C3AEAD}.Release|Any CPU.Build.0 = Release|Any CPU
		{7F4C3708-E0D8-4446-AC82-8A9FB79BD896}.Debug|Any CPU.ActiveCfg = Debug|Any CPU
		{7F4C3708-E0D8-4446-AC82-8A9FB79BD896}.Debug|Any CPU.Build.0 = Debug|Any CPU
		{7F4C3708-E0D8-4446-AC82-8A9FB79BD896}.Release|Any CPU.ActiveCfg = Release|Any CPU
		{7F4C3708-E0D8-4446-AC82-8A9FB79BD896}.Release|Any CPU.Build.0 = Release|Any CPU
		{8B2F5F9E-9C18-4CF4-91B7-4A4776F143B3}.Debug|Any CPU.ActiveCfg = Debug|Any CPU
		{8B2F5F9E-9C18-4CF4-91B7-4A4776F143B3}.Debug|Any CPU.Build.0 = Debug|Any CPU
		{8B2F5F9E-9C18-4CF4-91B7-4A4776F143B3}.Release|Any CPU.ActiveCfg = Release|Any CPU
		{8B2F5F9E-9C18-4CF4-91B7-4A4776F143B3}.Release|Any CPU.Build.0 = Release|Any CPU
		{A3327E2B-AD83-433F-B6AC-561BB3DF81D8}.Debug|Any CPU.ActiveCfg = Debug|Any CPU
		{A3327E2B-AD83-433F-B6AC-561BB3DF81D8}.Debug|Any CPU.Build.0 = Debug|Any CPU
		{A3327E2B-AD83-433F-B6AC-561BB3DF81D8}.Release|Any CPU.ActiveCfg = Release|Any CPU
		{A3327E2B-AD83-433F-B6AC-561BB3DF81D8}.Release|Any CPU.Build.0 = Release|Any CPU
		{6DA26796-D150-4B86-BC73-6DB4256EE840}.Debug|Any CPU.ActiveCfg = Debug|Any CPU
		{6DA26796-D150-4B86-BC73-6DB4256EE840}.Debug|Any CPU.Build.0 = Debug|Any CPU
		{6DA26796-D150-4B86-BC73-6DB4256EE840}.Release|Any CPU.ActiveCfg = Release|Any CPU
		{6DA26796-D150-4B86-BC73-6DB4256EE840}.Release|Any CPU.Build.0 = Release|Any CPU
		{49FD3F14-A062-4D7E-B03B-63FB14BEC84C}.Debug|Any CPU.ActiveCfg = Debug|Any CPU
		{49FD3F14-A062-4D7E-B03B-63FB14BEC84C}.Debug|Any CPU.Build.0 = Debug|Any CPU
		{49FD3F14-A062-4D7E-B03B-63FB14BEC84C}.Release|Any CPU.ActiveCfg = Release|Any CPU
		{49FD3F14-A062-4D7E-B03B-63FB14BEC84C}.Release|Any CPU.Build.0 = Release|Any CPU
		{D4FB121F-E0F8-40FD-A127-867D81230D9C}.Debug|Any CPU.ActiveCfg = Debug|Any CPU
		{D4FB121F-E0F8-40FD-A127-867D81230D9C}.Debug|Any CPU.Build.0 = Debug|Any CPU
		{D4FB121F-E0F8-40FD-A127-867D81230D9C}.Release|Any CPU.ActiveCfg = Release|Any CPU
		{D4FB121F-E0F8-40FD-A127-867D81230D9C}.Release|Any CPU.Build.0 = Release|Any CPU
	EndGlobalSection
EndGlobal
